
Microsoft Visual Studio Solution File, Format Version 12.00
# Visual Studio Version 17
VisualStudioVersion = 17.5.33502.453
MinimumVisualStudioVersion = 10.0.40219.1
Project("{9A19103F-16F7-4668-BE54-9A1E7A4F7556}") = "Task_13.1.3", "Task_13.1.3\Task_13.1.3.csproj", "{DCFC2FE7-63B2-4DA1-81FA-F2ADF92F2838}"
EndProject
Project("{9A19103F-16F7-4668-BE54-9A1E7A4F7556}") = "Task_13.1.4", "Task_13.1.4\Task_13.1.4.csproj", "{61881BA5-9C47-4B04-B1AC-07E3B87E147F}"
EndProject
Project("{9A19103F-16F7-4668-BE54-9A1E7A4F7556}") = "Task_13.1.6", "Task_13.1.6\Task_13.1.6.csproj", "{B5660878-8CEE-4CCB-8333-939F7E13FB39}"
EndProject
Project("{9A19103F-16F7-4668-BE54-9A1E7A4F7556}") = "Practice_13.2", "Practice_13.2\Practice_13.2.csproj", "{9FB4B2A7-8E19-4A0B-8E8E-EF2375656DF4}"
EndProject
Project("{9A19103F-16F7-4668-BE54-9A1E7A4F7556}") = "Task_13.2.5", "Task_13.2.5\Task_13.2.5.csproj", "{392E0E15-C1C9-4845-8D3D-A32F1FF8A5FB}"
EndProject
Project("{9A19103F-16F7-4668-BE54-9A1E7A4F7556}") = "Task_13.2.6", "Task_13.2.6\Task_13.2.6.csproj", "{FC2916AE-2145-4ADA-82AA-1937B1BAF02A}"
EndProject
Project("{FAE04EC0-301F-11D3-BF4B-00C04F79EFBC}") = "Practice_13.3", "Practice_13.3\Practice_13.3.csproj", "{E2222375-F105-4486-926C-C9AB9F93205D}"
EndProject
Project("{FAE04EC0-301F-11D3-BF4B-00C04F79EFBC}") = "Task_13.3.4", "Task_13.3.4\Task_13.3.4.csproj", "{2FB592FA-812F-4F78-85B9-6572B5F9632D}"
EndProject
Project("{FAE04EC0-301F-11D3-BF4B-00C04F79EFBC}") = "Task_13.3.5", "Task_13.3.5\Task_13.3.5.csproj", "{E29C098D-B539-4022-AC7A-9447B66C1271}"
EndProject
Project("{FAE04EC0-301F-11D3-BF4B-00C04F79EFBC}") = "Practice_13.3.2_HashSet", "Practice_13.3.2_HashSet\Practice_13.3.2_HashSet.csproj", "{96A9CBA8-6229-4385-9EA2-481849792F0A}"
EndProject
Project("{FAE04EC0-301F-11D3-BF4B-00C04F79EFBC}") = "Task_13.3.10", "Task_13.3.10\Task_13.3.10.csproj", "{35C73237-6B23-464E-9694-5CA8E654A1A0}"
EndProject
Project("{FAE04EC0-301F-11D3-BF4B-00C04F79EFBC}") = "Task_13.3.11", "Task_13.3.11\Task_13.3.11.csproj", "{02CFD1C1-F8BC-4FEA-A71E-E8CFA98A540A}"
EndProject
Project("{FAE04EC0-301F-11D3-BF4B-00C04F79EFBC}") = "Task_13.3.12", "Task_13.3.12\Task_13.3.12.csproj", "{9C5E91BE-6709-419D-B87B-2C4F3A72A33B}"
EndProject
Project("{FAE04EC0-301F-11D3-BF4B-00C04F79EFBC}") = "Practice_13.4", "Practice_13.4\Practice_13.4.csproj", "{519CC11C-0835-4DB4-8BD1-7BF72F48152A}"
EndProject
Project("{FAE04EC0-301F-11D3-BF4B-00C04F79EFBC}") = "Task_13.4.4", "Task_13.4.4\Task_13.4.4.csproj", "{96BFB897-4454-4169-AA8A-415DD6188414}"
EndProject
Project("{FAE04EC0-301F-11D3-BF4B-00C04F79EFBC}") = "Practice_13.5", "Practice_13.5\Practice_13.5.csproj", "{7591D469-3EBC-4338-A4B0-666791C70B2B}"
EndProject
Project("{FAE04EC0-301F-11D3-BF4B-00C04F79EFBC}") = "Task_13.5.4", "Task_13.5.4\Task_13.5.4.csproj", "{C352DC0E-7020-46E4-9072-B4D468F90322}"
EndProject
Global
	GlobalSection(SolutionConfigurationPlatforms) = preSolution
		Debug|Any CPU = Debug|Any CPU
		Release|Any CPU = Release|Any CPU
	EndGlobalSection
	GlobalSection(ProjectConfigurationPlatforms) = postSolution
		{DCFC2FE7-63B2-4DA1-81FA-F2ADF92F2838}.Debug|Any CPU.ActiveCfg = Debug|Any CPU
		{DCFC2FE7-63B2-4DA1-81FA-F2ADF92F2838}.Debug|Any CPU.Build.0 = Debug|Any CPU
		{DCFC2FE7-63B2-4DA1-81FA-F2ADF92F2838}.Release|Any CPU.ActiveCfg = Release|Any CPU
		{DCFC2FE7-63B2-4DA1-81FA-F2ADF92F2838}.Release|Any CPU.Build.0 = Release|Any CPU
		{61881BA5-9C47-4B04-B1AC-07E3B87E147F}.Debug|Any CPU.ActiveCfg = Debug|Any CPU
		{61881BA5-9C47-4B04-B1AC-07E3B87E147F}.Debug|Any CPU.Build.0 = Debug|Any CPU
		{61881BA5-9C47-4B04-B1AC-07E3B87E147F}.Release|Any CPU.ActiveCfg = Release|Any CPU
		{61881BA5-9C47-4B04-B1AC-07E3B87E147F}.Release|Any CPU.Build.0 = Release|Any CPU
		{B5660878-8CEE-4CCB-8333-939F7E13FB39}.Debug|Any CPU.ActiveCfg = Debug|Any CPU
		{B5660878-8CEE-4CCB-8333-939F7E13FB39}.Debug|Any CPU.Build.0 = Debug|Any CPU
		{B5660878-8CEE-4CCB-8333-939F7E13FB39}.Release|Any CPU.ActiveCfg = Release|Any CPU
		{B5660878-8CEE-4CCB-8333-939F7E13FB39}.Release|Any CPU.Build.0 = Release|Any CPU
		{9FB4B2A7-8E19-4A0B-8E8E-EF2375656DF4}.Debug|Any CPU.ActiveCfg = Debug|Any CPU
		{9FB4B2A7-8E19-4A0B-8E8E-EF2375656DF4}.Debug|Any CPU.Build.0 = Debug|Any CPU
		{9FB4B2A7-8E19-4A0B-8E8E-EF2375656DF4}.Release|Any CPU.ActiveCfg = Release|Any CPU
		{9FB4B2A7-8E19-4A0B-8E8E-EF2375656DF4}.Release|Any CPU.Build.0 = Release|Any CPU
		{392E0E15-C1C9-4845-8D3D-A32F1FF8A5FB}.Debug|Any CPU.ActiveCfg = Debug|Any CPU
		{392E0E15-C1C9-4845-8D3D-A32F1FF8A5FB}.Debug|Any CPU.Build.0 = Debug|Any CPU
		{392E0E15-C1C9-4845-8D3D-A32F1FF8A5FB}.Release|Any CPU.ActiveCfg = Release|Any CPU
		{392E0E15-C1C9-4845-8D3D-A32F1FF8A5FB}.Release|Any CPU.Build.0 = Release|Any CPU
		{FC2916AE-2145-4ADA-82AA-1937B1BAF02A}.Debug|Any CPU.ActiveCfg = Debug|Any CPU
		{FC2916AE-2145-4ADA-82AA-1937B1BAF02A}.Debug|Any CPU.Build.0 = Debug|Any CPU
		{FC2916AE-2145-4ADA-82AA-1937B1BAF02A}.Release|Any CPU.ActiveCfg = Release|Any CPU
		{FC2916AE-2145-4ADA-82AA-1937B1BAF02A}.Release|Any CPU.Build.0 = Release|Any CPU
		{E2222375-F105-4486-926C-C9AB9F93205D}.Debug|Any CPU.ActiveCfg = Debug|Any CPU
		{E2222375-F105-4486-926C-C9AB9F93205D}.Debug|Any CPU.Build.0 = Debug|Any CPU
		{E2222375-F105-4486-926C-C9AB9F93205D}.Release|Any CPU.ActiveCfg = Release|Any CPU
		{E2222375-F105-4486-926C-C9AB9F93205D}.Release|Any CPU.Build.0 = Release|Any CPU
		{2FB592FA-812F-4F78-85B9-6572B5F9632D}.Debug|Any CPU.ActiveCfg = Debug|Any CPU
		{2FB592FA-812F-4F78-85B9-6572B5F9632D}.Debug|Any CPU.Build.0 = Debug|Any CPU
		{2FB592FA-812F-4F78-85B9-6572B5F9632D}.Release|Any CPU.ActiveCfg = Release|Any CPU
		{2FB592FA-812F-4F78-85B9-6572B5F9632D}.Release|Any CPU.Build.0 = Release|Any CPU
		{E29C098D-B539-4022-AC7A-9447B66C1271}.Debug|Any CPU.ActiveCfg = Debug|Any CPU
		{E29C098D-B539-4022-AC7A-9447B66C1271}.Debug|Any CPU.Build.0 = Debug|Any CPU
		{E29C098D-B539-4022-AC7A-9447B66C1271}.Release|Any CPU.ActiveCfg = Release|Any CPU
		{E29C098D-B539-4022-AC7A-9447B66C1271}.Release|Any CPU.Build.0 = Release|Any CPU
		{96A9CBA8-6229-4385-9EA2-481849792F0A}.Debug|Any CPU.ActiveCfg = Debug|Any CPU
		{96A9CBA8-6229-4385-9EA2-481849792F0A}.Debug|Any CPU.Build.0 = Debug|Any CPU
		{96A9CBA8-6229-4385-9EA2-481849792F0A}.Release|Any CPU.ActiveCfg = Release|Any CPU
		{96A9CBA8-6229-4385-9EA2-481849792F0A}.Release|Any CPU.Build.0 = Release|Any CPU
		{35C73237-6B23-464E-9694-5CA8E654A1A0}.Debug|Any CPU.ActiveCfg = Debug|Any CPU
		{35C73237-6B23-464E-9694-5CA8E654A1A0}.Debug|Any CPU.Build.0 = Debug|Any CPU
		{35C73237-6B23-464E-9694-5CA8E654A1A0}.Release|Any CPU.ActiveCfg = Release|Any CPU
		{35C73237-6B23-464E-9694-5CA8E654A1A0}.Release|Any CPU.Build.0 = Release|Any CPU
		{02CFD1C1-F8BC-4FEA-A71E-E8CFA98A540A}.Debug|Any CPU.ActiveCfg = Debug|Any CPU
		{02CFD1C1-F8BC-4FEA-A71E-E8CFA98A540A}.Debug|Any CPU.Build.0 = Debug|Any CPU
		{02CFD1C1-F8BC-4FEA-A71E-E8CFA98A540A}.Release|Any CPU.ActiveCfg = Release|Any CPU
		{02CFD1C1-F8BC-4FEA-A71E-E8CFA98A540A}.Release|Any CPU.Build.0 = Release|Any CPU
		{9C5E91BE-6709-419D-B87B-2C4F3A72A33B}.Debug|Any CPU.ActiveCfg = Debug|Any CPU
		{9C5E91BE-6709-419D-B87B-2C4F3A72A33B}.Debug|Any CPU.Build.0 = Debug|Any CPU
		{9C5E91BE-6709-419D-B87B-2C4F3A72A33B}.Release|Any CPU.ActiveCfg = Release|Any CPU
		{9C5E91BE-6709-419D-B87B-2C4F3A72A33B}.Release|Any CPU.Build.0 = Release|Any CPU
		{519CC11C-0835-4DB4-8BD1-7BF72F48152A}.Debug|Any CPU.ActiveCfg = Debug|Any CPU
		{519CC11C-0835-4DB4-8BD1-7BF72F48152A}.Debug|Any CPU.Build.0 = Debug|Any CPU
		{519CC11C-0835-4DB4-8BD1-7BF72F48152A}.Release|Any CPU.ActiveCfg = Release|Any CPU
		{519CC11C-0835-4DB4-8BD1-7BF72F48152A}.Release|Any CPU.Build.0 = Release|Any CPU
		{96BFB897-4454-4169-AA8A-415DD6188414}.Debug|Any CPU.ActiveCfg = Debug|Any CPU
		{96BFB897-4454-4169-AA8A-415DD6188414}.Debug|Any CPU.Build.0 = Debug|Any CPU
		{96BFB897-4454-4169-AA8A-415DD6188414}.Release|Any CPU.ActiveCfg = Release|Any CPU
		{96BFB897-4454-4169-AA8A-415DD6188414}.Release|Any CPU.Build.0 = Release|Any CPU
		{7591D469-3EBC-4338-A4B0-666791C70B2B}.Debug|Any CPU.ActiveCfg = Debug|Any CPU
		{7591D469-3EBC-4338-A4B0-666791C70B2B}.Debug|Any CPU.Build.0 = Debug|Any CPU
		{7591D469-3EBC-4338-A4B0-666791C70B2B}.Release|Any CPU.ActiveCfg = Release|Any CPU
		{7591D469-3EBC-4338-A4B0-666791C70B2B}.Release|Any CPU.Build.0 = Release|Any CPU
		{C352DC0E-7020-46E4-9072-B4D468F90322}.Debug|Any CPU.ActiveCfg = Debug|Any CPU
		{C352DC0E-7020-46E4-9072-B4D468F90322}.Debug|Any CPU.Build.0 = Debug|Any CPU
		{C352DC0E-7020-46E4-9072-B4D468F90322}.Release|Any CPU.ActiveCfg = Release|Any CPU
		{C352DC0E-7020-46E4-9072-B4D468F90322}.Release|Any CPU.Build.0 = Release|Any CPU
	EndGlobalSection
	GlobalSection(SolutionProperties) = preSolution
		HideSolutionNode = FALSE
	EndGlobalSection
	GlobalSection(ExtensibilityGlobals) = postSolution
		SolutionGuid = {5EAB8A72-B737-4640-9214-24F23C8734CC}
	EndGlobalSection
EndGlobal
